// !$*UTF8*$!
{
	archiveVersion = 1;
	classes = {
	};
	objectVersion = 46;
	objects = {

/* Begin PBXBuildFile section */
		156BC9051DD5BD2700DFAE0F /* AppDelegate.swift in Sources */ = {isa = PBXBuildFile; fileRef = 156BC9041DD5BD2700DFAE0F /* AppDelegate.swift */; };
		156BC9071DD5BD2700DFAE0F /* ViewController.swift in Sources */ = {isa = PBXBuildFile; fileRef = 156BC9061DD5BD2700DFAE0F /* ViewController.swift */; };
		156BC90A1DD5BD2700DFAE0F /* Main.storyboard in Resources */ = {isa = PBXBuildFile; fileRef = 156BC9081DD5BD2700DFAE0F /* Main.storyboard */; };
		156BC90C1DD5BD2700DFAE0F /* Assets.xcassets in Resources */ = {isa = PBXBuildFile; fileRef = 156BC90B1DD5BD2700DFAE0F /* Assets.xcassets */; };
		156BC90F1DD5BD2700DFAE0F /* LaunchScreen.storyboard in Resources */ = {isa = PBXBuildFile; fileRef = 156BC90D1DD5BD2700DFAE0F /* LaunchScreen.storyboard */; };
		156BC9191DD5BD7B00DFAE0F /* zing-mp3.jpg in Resources */ = {isa = PBXBuildFile; fileRef = 156BC9181DD5BD7B00DFAE0F /* zing-mp3.jpg */; };
/* End PBXBuildFile section */

/* Begin PBXFileReference section */
		156BC9011DD5BD2700DFAE0F /* Zing_Mp3.app */ = {isa = PBXFileReference; explicitFileType = wrapper.application; includeInIndex = 0; path = Zing_Mp3.app; sourceTree = BUILT_PRODUCTS_DIR; };
		156BC9041DD5BD2700DFAE0F /* AppDelegate.swift */ = {isa = PBXFileReference; lastKnownFileType = sourcecode.swift; path = AppDelegate.swift; sourceTree = "<group>"; };
		156BC9061DD5BD2700DFAE0F /* ViewController.swift */ = {isa = PBXFileReference; lastKnownFileType = sourcecode.swift; path = ViewController.swift; sourceTree = "<group>"; };
		156BC9091DD5BD2700DFAE0F /* Base */ = {isa = PBXFileReference; lastKnownFileType = file.storyboard; name = Base; path = Base.lproj/Main.storyboard; sourceTree = "<group>"; };
		156BC90B1DD5BD2700DFAE0F /* Assets.xcassets */ = {isa = PBXFileReference; lastKnownFileType = folder.assetcatalog; path = Assets.xcassets; sourceTree = "<group>"; };
		156BC90E1DD5BD2700DFAE0F /* Base */ = {isa = PBXFileReference; lastKnownFileType = file.storyboard; name = Base; path = Base.lproj/LaunchScreen.storyboard; sourceTree = "<group>"; };
		156BC9101DD5BD2700DFAE0F /* Info.plist */ = {isa = PBXFileReference; lastKnownFileType = text.plist.xml; path = Info.plist; sourceTree = "<group>"; };
		156BC9181DD5BD7B00DFAE0F /* zing-mp3.jpg */ = {isa = PBXFileReference; lastKnownFileType = image.jpeg; path = "zing-mp3.jpg"; sourceTree = "<group>"; };
/* End PBXFileReference section */

/* Begin PBXFrameworksBuildPhase section */
		156BC8FE1DD5BD2700DFAE0F /* Frameworks */ = {
			isa = PBXFrameworksBuildPhase;
			buildActionMask = 2147483647;
			files = (
			);
			runOnlyForDeploymentPostprocessing = 0;
		};
/* End PBXFrameworksBuildPhase section */

/* Begin PBXGroup section */
		156BC8F81DD5BD2700DFAE0F = {
			isa = PBXGroup;
			children = (
				156BC9031DD5BD2700DFAE0F /* Zing_Mp3 */,
				156BC9021DD5BD2700DFAE0F /* Products */,
			);
			sourceTree = "<group>";
		};
		156BC9021DD5BD2700DFAE0F /* Products */ = {
			isa = PBXGroup;
			children = (
				156BC9011DD5BD2700DFAE0F /* Zing_Mp3.app */,
			);
			name = Products;
			sourceTree = "<group>";
		};
		156BC9031DD5BD2700DFAE0F /* Zing_Mp3 */ = {
			isa = PBXGroup;
			children = (
				156BC9171DD5BD6300DFAE0F /* picture */,
				156BC9041DD5BD2700DFAE0F /* AppDelegate.swift */,
				156BC9061DD5BD2700DFAE0F /* ViewController.swift */,
				156BC9081DD5BD2700DFAE0F /* Main.storyboard */,
				156BC90B1DD5BD2700DFAE0F /* Assets.xcassets */,
				156BC90D1DD5BD2700DFAE0F /* LaunchScreen.storyboard */,
				156BC9101DD5BD2700DFAE0F /* Info.plist */,
			);
			path = Zing_Mp3;
			sourceTree = "<group>";
		};
		156BC9171DD5BD6300DFAE0F /* picture */ = {
			isa = PBXGroup;
			children = (
				156BC9181DD5BD7B00DFAE0F /* zing-mp3.jpg */,
			);
			name = picture;
			sourceTree = "<group>";
		};
/* End PBXGroup section */

/* Begin PBXNativeTarget section */
		156BC9001DD5BD2700DFAE0F /* Zing_Mp3 */ = {
			isa = PBXNativeTarget;
			buildConfigurationList = 156BC9131DD5BD2700DFAE0F /* Build configuration list for PBXNativeTarget "Zing_Mp3" */;
			buildPhases = (
				156BC8FD1DD5BD2700DFAE0F /* Sources */,
				156BC8FE1DD5BD2700DFAE0F /* Frameworks */,
				156BC8FF1DD5BD2700DFAE0F /* Resources */,
			);
			buildRules = (
			);
			dependencies = (
			);
			name = Zing_Mp3;
			productName = Zing_Mp3;
			productReference = 156BC9011DD5BD2700DFAE0F /* Zing_Mp3.app */;
			productType = "com.apple.product-type.application";
		};
/* End PBXNativeTarget section */

/* Begin PBXProject section */
		156BC8F91DD5BD2700DFAE0F /* Project object */ = {
			isa = PBXProject;
			attributes = {
				LastSwiftUpdateCheck = 0810;
				LastUpgradeCheck = 0810;
				ORGANIZATIONNAME = Thang;
				TargetAttributes = {
					156BC9001DD5BD2700DFAE0F = {
						CreatedOnToolsVersion = 8.1;
						ProvisioningStyle = Automatic;
					};
				};
			};
			buildConfigurationList = 156BC8FC1DD5BD2700DFAE0F /* Build configuration list for PBXProject "Zing_Mp3" */;
			compatibilityVersion = "Xcode 3.2";
			developmentRegion = English;
			hasScannedForEncodings = 0;
			knownRegions = (
				en,
				Base,
			);
			mainGroup = 156BC8F81DD5BD2700DFAE0F;
			productRefGroup = 156BC9021DD5BD2700DFAE0F /* Products */;
			projectDirPath = "";
			projectRoot = "";
			targets = (
				156BC9001DD5BD2700DFAE0F /* Zing_Mp3 */,
			);
		};
/* End PBXProject section */

/* Begin PBXResourcesBuildPhase section */
		156BC8FF1DD5BD2700DFAE0F /* Resources */ = {
			isa = PBXResourcesBuildPhase;
			buildActionMask = 2147483647;
			files = (
				156BC9191DD5BD7B00DFAE0F /* zing-mp3.jpg in Resources */,
				156BC90F1DD5BD2700DFAE0F /* LaunchScreen.storyboard in Resources */,
				156BC90C1DD5BD2700DFAE0F /* Assets.xcassets in Resources */,
				156BC90A1DD5BD2700DFAE0F /* Main.storyboard in Resources */,
			);
			runOnlyForDeploymentPostprocessing = 0;
		};
/* End PBXResourcesBuildPhase section */

/* Begin PBXSourcesBuildPhase section */
		156BC8FD1DD5BD2700DFAE0F /* Sources */ = {
			isa = PBXSourcesBuildPhase;
			buildActionMask = 2147483647;
			files = (
				156BC9071DD5BD2700DFAE0F /* ViewController.swift in Sources */,
				156BC9051DD5BD2700DFAE0F /* AppDelegate.swift in Sources */,
			);
			runOnlyForDeploymentPostprocessing = 0;
		};
/* End PBXSourcesBuildPhase section */

/* Begin PBXVariantGroup section */
		156BC9081DD5BD2700DFAE0F /* Main.storyboard */ = {
			isa = PBXVariantGroup;
			children = (
				156BC9091DD5BD2700DFAE0F /* Base */,
			);
			name = Main.storyboard;
			sourceTree = "<group>";
		};
		156BC90D1DD5BD2700DFAE0F /* LaunchScreen.storyboard */ = {
			isa = PBXVariantGroup;
			children = (
				156BC90E1DD5BD2700DFAE0F /* Base */,
			);
			name = LaunchScreen.storyboard;
			sourceTree = "<group>";
		};
/* End PBXVariantGroup section */

/* Begin XCBuildConfiguration section */
		156BC9111DD5BD2700DFAE0F /* Debug */ = {
			isa = XCBuildConfiguration;
			buildSettings = {
				ALWAYS_SEARCH_USER_PATHS = NO;
				CLANG_ANALYZER_NONNULL = YES;
				CLANG_CXX_LANGUAGE_STANDARD = "gnu++0x";
				CLANG_CXX_LIBRARY = "libc++";
				CLANG_ENABLE_MODULES = YES;
				CLANG_ENABLE_OBJC_ARC = YES;
				CLANG_WARN_BOOL_CONVERSION = YES;
				CLANG_WARN_CONSTANT_CONVERSION = YES;
				CLANG_WARN_DIRECT_OBJC_ISA_USAGE = YES_ERROR;
				CLANG_WARN_DOCUMENTATION_COMMENTS = YES;
				CLANG_WARN_EMPTY_BODY = YES;
				CLANG_WARN_ENUM_CONVERSION = YES;
				CLANG_WARN_INFINITE_RECURSION = YES;
				CLANG_WARN_INT_CONVERSION = YES;
				CLANG_WARN_OBJC_ROOT_CLASS = YES_ERROR;
				CLANG_WARN_SUSPICIOUS_MOVES = YES;
				CLANG_WARN_UNREACHABLE_CODE = YES;
				CLANG_WARN__DUPLICATE_METHOD_MATCH = YES;
				"CODE_SIGN_IDENTITY[sdk=iphoneos*]" = "iPhone Developer";
				COPY_PHASE_STRIP = NO;
				DEBUG_INFORMATION_FORMAT = dwarf;
				ENABLE_STRICT_OBJC_MSGSEND = YES;
				ENABLE_TESTABILITY = YES;
				GCC_C_LANGUAGE_STANDARD = gnu99;
				GCC_DYNAMIC_NO_PIC = NO;
				GCC_NO_COMMON_BLOCKS = YES;
				GCC_OPTIMIZATION_LEVEL = 0;
				GCC_PREPROCESSOR_DEFINITIONS = (
					"DEBUG=1",
					"$(inherited)",
				);
				GCC_WARN_64_TO_32_BIT_CONVERSION = YES;
				GCC_WARN_ABOUT_RETURN_TYPE = YES_ERROR;
				GCC_WARN_UNDECLARED_SELECTOR = YES;
				GCC_WARN_UNINITIALIZED_AUTOS = YES_AGGRESSIVE;
				GCC_WARN_UNUSED_FUNCTION = YES;
				GCC_WARN_UNUSED_VARIABLE = YES;
				IPHONEOS_DEPLOYMENT_TARGET = 10.1;
				MTL_ENABLE_DEBUG_INFO = YES;
				ONLY_ACTIVE_ARCH = YES;
				SDKROOT = iphoneos;
				SWIFT_ACTIVE_COMPILATION_CONDITIONS = DEBUG;
				SWIFT_OPTIMIZATION_LEVEL = "-Onone";
			};
			name = Debug;
		};
		156BC9121DD5BD2700DFAE0F /* Release */ = {
			isa = XCBuildConfiguration;
			buildSettings = {
				ALWAYS_SEARCH_USER_PATHS = NO;
				CLANG_ANALYZER_NONNULL = YES;
				CLANG_CXX_LANGUAGE_STANDARD = "gnu++0x";
				CLANG_CXX_LIBRARY = "libc++";
				CLANG_ENABLE_MODULES = YES;
				CLANG_ENABLE_OBJC_ARC = YES;
				CLANG_WARN_BOOL_CONVERSION = YES;
				CLANG_WARN_CONSTANT_CONVERSION = YES;
				CLANG_WARN_DIRECT_OBJC_ISA_USAGE = YES_ERROR;
				CLANG_WARN_DOCUMENTATION_COMMENTS = YES;
				CLANG_WARN_EMPTY_BODY = YES;
				CLANG_WARN_ENUM_CONVERSION = YES;
				CLANG_WARN_INFINITE_RECURSION = YES;
				CLANG_WARN_INT_CONVERSION = YES;
				CLANG_WARN_OBJC_ROOT_CLASS = YES_ERROR;
				CLANG_WARN_SUSPICIOUS_MOVES = YES;
				CLANG_WARN_UNREACHABLE_CODE = YES;
				CLANG_WARN__DUPLICATE_METHOD_MATCH = YES;
				"CODE_SIGN_IDENTITY[sdk=iphoneos*]" = "iPhone Developer";
				COPY_PHASE_STRIP = NO;
				DEBUG_INFORMATION_FORMAT = "dwarf-with-dsym";
				ENABLE_NS_ASSERTIONS = NO;
				ENABLE_STRICT_OBJC_MSGSEND = YES;
				GCC_C_LANGUAGE_STANDARD = gnu99;
				GCC_NO_COMMON_BLOCKS = YES;
				GCC_WARN_64_TO_32_BIT_CONVERSION = YES;
				GCC_WARN_ABOUT_RETURN_TYPE = YES_ERROR;
				GCC_WARN_UNDECLARED_SELECTOR = YES;
				GCC_WARN_UNINITIALIZED_AUTOS = YES_AGGRESSIVE;
				GCC_WARN_UNUSED_FUNCTION = YES;
				GCC_WARN_UNUSED_VARIABLE = YES;
				IPHONEOS_DEPLOYMENT_TARGET = 10.1;
				MTL_ENABLE_DEBUG_INFO = NO;
				SDKROOT = iphoneos;
				SWIFT_OPTIMIZATION_LEVEL = "-Owholemodule";
				VALIDATE_PRODUCT = YES;
			};
			name = Release;
		};
		156BC9141DD5BD2700DFAE0F /* Debug */ = {
			isa = XCBuildConfiguration;
			buildSettings = {
				ASSETCATALOG_COMPILER_APPICON_NAME = AppIcon;
				INFOPLIST_FILE = Zing_Mp3/Info.plist;
				LD_RUNPATH_SEARCH_PATHS = "$(inherited) @executable_path/Frameworks";
				PRODUCT_BUNDLE_IDENTIFIER = "Thang.Zing-Mp3";
				PRODUCT_NAME = "$(TARGET_NAME)";
				SWIFT_VERSION = 3.0;
			};
			name = Debug;
		};
		156BC9151DD5BD2700DFAE0F /* Release */ = {
			isa = XCBuildConfiguration;
			buildSettings = {
				ASSETCATALOG_COMPILER_APPICON_NAME = AppIcon;
				INFOPLIST_FILE = Zing_Mp3/Info.plist;
				LD_RUNPATH_SEARCH_PATHS = "$(inherited) @executable_path/Frameworks";
				PRODUCT_BUNDLE_IDENTIFIER = "Thang.Zing-Mp3";
				PRODUCT_NAME = "$(TARGET_NAME)";
				SWIFT_VERSION = 3.0;
			};
			name = Release;
		};
/* End XCBuildConfiguration section */

/* Begin XCConfigurationList section */
		156BC8FC1DD5BD2700DFAE0F /* Build configuration list for PBXProject "Zing_Mp3" */ = {
			isa = XCConfigurationList;
			buildConfigurations = (
				156BC9111DD5BD2700DFAE0F /* Debug */,
				156BC9121DD5BD2700DFAE0F /* Release */,
			);
			defaultConfigurationIsVisible = 0;
			defaultConfigurationName = Release;
		};
		156BC9131DD5BD2700DFAE0F /* Build configuration list for PBXNativeTarget "Zing_Mp3" */ = {
			isa = XCConfigurationList;
			buildConfigurations = (
				156BC9141DD5BD2700DFAE0F /* Debug */,
				156BC9151DD5BD2700DFAE0F /* Release */,
			);
			defaultConfigurationIsVisible = 0;
		};
/* End XCConfigurationList section */
	};
	rootObject = 156BC8F91DD5BD2700DFAE0F /* Project object */;
}
